{
  "version": 4,
  "terraform_version": "1.6.3",
  "serial": 126,
  "lineage": "b1948e93-9644-5218-2df6-315a688d1e0a",
  "outputs": {},
  "resources": [
    {
      "module": "module.aurora",
      "mode": "managed",
      "type": "aws_rds_cluster",
      "name": "this",
      "provider": "provider[\"registry.terraform.io/hashicorp/aws\"]",
      "instances": [
        {
          "index_key": 0,
          "schema_version": 0,
          "attributes": {
            "allocated_storage": 1,
            "allow_major_version_upgrade": false,
            "apply_immediately": null,
            "arn": "arn:aws:rds:ap-northeast-1:129008548655:cluster:crawl-vpc-aurora",
            "availability_zones": [
              "ap-northeast-1a",
              "ap-northeast-1c",
              "ap-northeast-1d"
            ],
            "backtrack_window": 0,
            "backup_retention_period": 7,
            "cluster_identifier": "crawl-vpc-aurora",
            "cluster_identifier_prefix": "",
            "cluster_members": [],
            "cluster_resource_id": "cluster-SFRG24HI4H6ZTK5RKO6DJVZVTM",
            "copy_tags_to_snapshot": false,
            "database_name": null,
            "db_cluster_instance_class": "",
            "db_cluster_parameter_group_name": "default.aurora-mysql8.0",
            "db_instance_parameter_group_name": null,
            "db_subnet_group_name": "crawl-vpc-aurora",
            "db_system_id": "",
            "deletion_protection": false,
            "enable_global_write_forwarding": false,
            "enable_http_endpoint": false,
            "enabled_cloudwatch_logs_exports": [],
            "endpoint": "crawl-vpc-aurora.cluster-cjtkdvugsiy3.ap-northeast-1.rds.amazonaws.com",
            "engine": "aurora-mysql",
            "engine_mode": "provisioned",
            "engine_version": "8.0.mysql_aurora.3.05.0",
            "engine_version_actual": "8.0.mysql_aurora.3.05.0",
            "final_snapshot_identifier": null,
            "global_cluster_identifier": "",
            "hosted_zone_id": "Z24O6O9L7SGTNB",
            "iam_database_authentication_enabled": false,
            "iam_roles": [],
            "id": "crawl-vpc-aurora",
            "iops": 0,
            "kms_key_id": "arn:aws:kms:ap-northeast-1:129008548655:key/d6cf770a-cee4-4bc4-b28c-c406ed3b5187",
            "manage_master_user_password": true,
            "master_password": null,
            "master_user_secret": [
              {
                "kms_key_id": "arn:aws:kms:ap-northeast-1:129008548655:key/8ba1a86a-5f3c-4ef4-aabb-4a870306739e",
                "secret_arn": "arn:aws:secretsmanager:ap-northeast-1:129008548655:secret:rds!cluster-ca82bacf-439e-450d-adf0-5e04e4d691d7-u5sCvE",
                "secret_status": "active"
              }
            ],
            "master_user_secret_kms_key_id": null,
            "master_username": "admin",
            "network_type": "IPV4",
            "port": 3306,
            "preferred_backup_window": "02:00-03:00",
            "preferred_maintenance_window": "sun:05:00-sun:06:00",
            "reader_endpoint": "crawl-vpc-aurora.cluster-ro-cjtkdvugsiy3.ap-northeast-1.rds.amazonaws.com",
            "replication_source_identifier": "",
            "restore_to_point_in_time": [],
            "s3_import": [],
            "scaling_configuration": [],
            "serverlessv2_scaling_configuration": [],
            "skip_final_snapshot": false,
            "snapshot_identifier": null,
            "source_region": null,
            "storage_encrypted": true,
            "storage_type": "",
            "tags": {},
            "tags_all": {
              "Purpose": "CrawlVPCAurora"
            },
            "timeouts": {
              "create": null,
              "delete": null,
              "update": null
            },
            "vpc_security_group_ids": [
              "sg-0c9c049d1d43b5a98"
            ]
          },
          "sensitive_attributes": [],
          "private": "eyJlMmJmYjczMC1lY2FhLTExZTYtOGY4OC0zNDM2M2JjN2M0YzAiOnsiY3JlYXRlIjo3MjAwMDAwMDAwMDAwLCJkZWxldGUiOjcyMDAwMDAwMDAwMDAsInVwZGF0ZSI6NzIwMDAwMDAwMDAwMH19",
          "dependencies": [
            "module.aurora.aws_cloudwatch_log_group.this",
            "module.aurora.aws_db_subnet_group.this",
            "module.aurora.aws_rds_cluster_parameter_group.this",
            "module.aurora.aws_security_group.this",
            "module.network.aws_db_subnet_group.database",
            "module.network.aws_subnet.database",
            "module.network.aws_vpc.this",
            "module.network.aws_vpc_ipv4_cidr_block_association.this"
          ]
        }
      ]
    },
    {
      "module": "module.aurora",
      "mode": "managed",
      "type": "aws_security_group",
      "name": "this",
      "provider": "provider[\"registry.terraform.io/hashicorp/aws\"]",
      "instances": [
        {
          "index_key": 0,
          "schema_version": 1,
          "attributes": {
            "arn": "arn:aws:ec2:ap-northeast-1:129008548655:security-group/sg-0c9c049d1d43b5a98",
            "description": "Control traffic to/from RDS Aurora crawl-vpc-aurora",
            "egress": [],
            "id": "sg-0c9c049d1d43b5a98",
            "ingress": [],
            "name": "crawl-vpc-aurora-20231109155416204100000001",
            "name_prefix": "crawl-vpc-aurora-",
            "owner_id": "129008548655",
            "revoke_rules_on_delete": false,
            "tags": {
              "Name": "crawl-vpc-aurora"
            },
            "tags_all": {
              "Name": "crawl-vpc-aurora",
              "Purpose": "CrawlVPCAurora"
            },
            "timeouts": null,
            "vpc_id": "vpc-0f7bdb86eb5d8787e"
          },
          "sensitive_attributes": [],
          "private": "eyJlMmJmYjczMC1lY2FhLTExZTYtOGY4OC0zNDM2M2JjN2M0YzAiOnsiY3JlYXRlIjo2MDAwMDAwMDAwMDAsImRlbGV0ZSI6OTAwMDAwMDAwMDAwfSwic2NoZW1hX3ZlcnNpb24iOiIxIn0=",
          "dependencies": [
            "module.network.aws_vpc.this"
          ],
          "create_before_destroy": true
        }
      ]
    },
    {
      "module": "module.network",
      "mode": "managed",
      "type": "aws_db_subnet_group",
      "name": "database",
      "provider": "provider[\"registry.terraform.io/hashicorp/aws\"]",
      "instances": [
        {
          "index_key": 0,
          "schema_version": 0,
          "attributes": {
            "arn": "arn:aws:rds:ap-northeast-1:129008548655:subgrp:crawl-vpc-aurora",
            "description": "Database subnet group for crawl-vpc-aurora",
            "id": "crawl-vpc-aurora",
            "name": "crawl-vpc-aurora",
            "name_prefix": "",
            "subnet_ids": [
              "subnet-0218527600107d08a",
              "subnet-0ec5da47c10a67d9f"
            ],
            "supported_network_types": [
              "IPV4"
            ],
            "tags": {
              "Name": "crawl-vpc-aurora"
            },
            "tags_all": {
              "Name": "crawl-vpc-aurora",
              "Purpose": "CrawlVPCAurora"
            },
            "vpc_id": "vpc-0f7bdb86eb5d8787e"
          },
          "sensitive_attributes": [],
          "private": "bnVsbA==",
          "dependencies": [
            "module.network.aws_subnet.database",
            "module.network.aws_vpc.this",
            "module.network.aws_vpc_ipv4_cidr_block_association.this"
          ]
        }
      ]
    },
    {
      "module": "module.network",
      "mode": "managed",
      "type": "aws_subnet",
      "name": "database",
      "provider": "provider[\"registry.terraform.io/hashicorp/aws\"]",
      "instances": [
        {
          "index_key": 0,
          "schema_version": 1,
          "attributes": {
            "arn": "arn:aws:ec2:ap-northeast-1:129008548655:subnet/subnet-0218527600107d08a",
            "assign_ipv6_address_on_creation": false,
            "availability_zone": "ap-northeast-1c",
            "availability_zone_id": "apne1-az1",
            "cidr_block": "10.0.64.0/24",
            "customer_owned_ipv4_pool": "",
            "enable_dns64": false,
            "enable_lni_at_device_index": 0,
            "enable_resource_name_dns_a_record_on_launch": false,
            "enable_resource_name_dns_aaaa_record_on_launch": false,
            "id": "subnet-0218527600107d08a",
            "ipv6_cidr_block": "",
            "ipv6_cidr_block_association_id": "",
            "ipv6_native": false,
            "map_customer_owned_ip_on_launch": false,
            "map_public_ip_on_launch": false,
            "outpost_arn": "",
            "owner_id": "129008548655",
            "private_dns_hostname_type_on_launch": "ip-name",
            "tags": {
              "Name": "crawl-vpc-aurora-db-ap-northeast-1c"
            },
            "tags_all": {
              "Name": "crawl-vpc-aurora-db-ap-northeast-1c",
              "Purpose": "CrawlVPCAurora"
            },
            "timeouts": null,
            "vpc_id": "vpc-0f7bdb86eb5d8787e"
          },
          "sensitive_attributes": [],
          "private": "eyJlMmJmYjczMC1lY2FhLTExZTYtOGY4OC0zNDM2M2JjN2M0YzAiOnsiY3JlYXRlIjo2MDAwMDAwMDAwMDAsImRlbGV0ZSI6MTIwMDAwMDAwMDAwMH0sInNjaGVtYV92ZXJzaW9uIjoiMSJ9",
          "dependencies": [
            "module.network.aws_vpc.this",
            "module.network.aws_vpc_ipv4_cidr_block_association.this"
          ]
        },
        {
          "index_key": 1,
          "schema_version": 1,
          "attributes": {
            "arn": "arn:aws:ec2:ap-northeast-1:129008548655:subnet/subnet-0ec5da47c10a67d9f",
            "assign_ipv6_address_on_creation": false,
            "availability_zone": "ap-northeast-1d",
            "availability_zone_id": "apne1-az2",
            "cidr_block": "10.0.65.0/24",
            "customer_owned_ipv4_pool": "",
            "enable_dns64": false,
            "enable_lni_at_device_index": 0,
            "enable_resource_name_dns_a_record_on_launch": false,
            "enable_resource_name_dns_aaaa_record_on_launch": false,
            "id": "subnet-0ec5da47c10a67d9f",
            "ipv6_cidr_block": "",
            "ipv6_cidr_block_association_id": "",
            "ipv6_native": false,
            "map_customer_owned_ip_on_launch": false,
            "map_public_ip_on_launch": false,
            "outpost_arn": "",
            "owner_id": "129008548655",
            "private_dns_hostname_type_on_launch": "ip-name",
            "tags": {
              "Name": "crawl-vpc-aurora-db-ap-northeast-1d"
            },
            "tags_all": {
              "Name": "crawl-vpc-aurora-db-ap-northeast-1d",
              "Purpose": "CrawlVPCAurora"
            },
            "timeouts": null,
            "vpc_id": "vpc-0f7bdb86eb5d8787e"
          },
          "sensitive_attributes": [],
          "private": "eyJlMmJmYjczMC1lY2FhLTExZTYtOGY4OC0zNDM2M2JjN2M0YzAiOnsiY3JlYXRlIjo2MDAwMDAwMDAwMDAsImRlbGV0ZSI6MTIwMDAwMDAwMDAwMH0sInNjaGVtYV92ZXJzaW9uIjoiMSJ9",
          "dependencies": [
            "module.network.aws_vpc.this",
            "module.network.aws_vpc_ipv4_cidr_block_association.this"
          ]
        }
      ]
    },
    {
      "module": "module.network",
      "mode": "managed",
      "type": "aws_vpc",
      "name": "this",
      "provider": "provider[\"registry.terraform.io/hashicorp/aws\"]",
      "instances": [
        {
          "index_key": 0,
          "schema_version": 1,
          "attributes": {
            "arn": "arn:aws:ec2:ap-northeast-1:129008548655:vpc/vpc-0f7bdb86eb5d8787e",
            "assign_generated_ipv6_cidr_block": false,
            "cidr_block": "10.0.0.0/16",
            "default_network_acl_id": "acl-05facc223de0177ab",
            "default_route_table_id": "rtb-0f036b845e3d39c62",
            "default_security_group_id": "sg-00cb567ef290285f9",
            "dhcp_options_id": "dopt-54400333",
            "enable_dns_hostnames": true,
            "enable_dns_support": true,
            "enable_network_address_usage_metrics": false,
            "id": "vpc-0f7bdb86eb5d8787e",
            "instance_tenancy": "default",
            "ipv4_ipam_pool_id": null,
            "ipv4_netmask_length": null,
            "ipv6_association_id": "",
            "ipv6_cidr_block": "",
            "ipv6_cidr_block_network_border_group": "",
            "ipv6_ipam_pool_id": "",
            "ipv6_netmask_length": 0,
            "main_route_table_id": "rtb-0f036b845e3d39c62",
            "owner_id": "129008548655",
            "tags": {
              "Name": "crawl-vpc-aurora"
            },
            "tags_all": {
              "Name": "crawl-vpc-aurora",
              "Purpose": "CrawlVPCAurora"
            }
          },
          "sensitive_attributes": [],
          "private": "eyJzY2hlbWFfdmVyc2lvbiI6IjEifQ==",
          "create_before_destroy": true
        }
      ]
    }
  ],
  "check_results": null
}
